
Microsoft Visual Studio Solution File, Format Version 12.00
# Visual Studio 15
VisualStudioVersion = 15.0.34526.175
MinimumVisualStudioVersion = 10.0.40219.1
Project("{E24C65DC-7377-472B-9ABA-BC803B73C61A}") = "BPS", "BPS\", "{EA47B262-9563-4651-A192-C30EF35152BB}"
	ProjectSection(WebsiteProperties) = preProject
		TargetFrameworkMoniker = ".NETFramework,Version%3Dv3.5"
		Debug.AspNetCompiler.VirtualPath = "/localhost_63982"
		Debug.AspNetCompiler.PhysicalPath = "BPS\"
		Debug.AspNetCompiler.TargetPath = "PrecompiledWeb\localhost_63982\"
		Debug.AspNetCompiler.Updateable = "true"
		Debug.AspNetCompiler.ForceOverwrite = "true"
		Debug.AspNetCompiler.FixedNames = "false"
		Debug.AspNetCompiler.Debug = "True"
		Release.AspNetCompiler.VirtualPath = "/localhost_63982"
		Release.AspNetCompiler.PhysicalPath = "BPS\"
		Release.AspNetCompiler.TargetPath = "PrecompiledWeb\localhost_63982\"
		Release.AspNetCompiler.Updateable = "true"
		Release.AspNetCompiler.ForceOverwrite = "true"
		Release.AspNetCompiler.FixedNames = "false"
		Release.AspNetCompiler.Debug = "False"
		VWDPort = "63982"
		SlnRelativePath = "BPS\"
		DefaultWebSiteLanguage = "Visual C#"
	EndProjectSection
EndProject
Global
	GlobalSection(SolutionConfigurationPlatforms) = preSolution
		Debug|Any CPU = Debug|Any CPU
		Release|Any CPU = Release|Any CPU
	EndGlobalSection
	GlobalSection(ProjectConfigurationPlatforms) = postSolution
		{EA47B262-9563-4651-A192-C30EF35152BB}.Debug|Any CPU.ActiveCfg = Debug|Any CPU
		{EA47B262-9563-4651-A192-C30EF35152BB}.Debug|Any CPU.Build.0 = Debug|Any CPU
		{EA47B262-9563-4651-A192-C30EF35152BB}.Release|Any CPU.ActiveCfg = Debug|Any CPU
		{EA47B262-9563-4651-A192-C30EF35152BB}.Release|Any CPU.Build.0 = Debug|Any CPU
	EndGlobalSection
	GlobalSection(SolutionProperties) = preSolution
		HideSolutionNode = FALSE
	EndGlobalSection
	GlobalSection(ExtensibilityGlobals) = postSolution
		SolutionGuid = {16C290D2-D29B-4925-8D4C-4F39201BDD77}
	EndGlobalSection
EndGlobal
